
Microsoft Visual Studio Solution File, Format Version 12.00
# Visual Studio Version 17
VisualStudioVersion = 17.0.31903.59
MinimumVisualStudioVersion = 10.0.40219.1
Project("{FAE04EC0-301F-11D3-BF4B-00C04F79EFBC}") = "Produtos_api", "Produtos_api\Produtos_api.csproj", "{4793D487-2D0A-4DDF-8A37-2E7D05637500}"
EndProject
Project("{FAE04EC0-301F-11D3-BF4B-00C04F79EFBC}") = "Produtos_api.test", "Produtos_api.test\Produtos_api.test.csproj", "{559672F1-B183-44B6-B1D8-E956E3DEE99C}"
EndProject
Global
	GlobalSection(SolutionConfigurationPlatforms) = preSolution
		Debug|Any CPU = Debug|Any CPU
		Release|Any CPU = Release|Any CPU
	EndGlobalSection
	GlobalSection(SolutionProperties) = preSolution
		HideSolutionNode = FALSE
	EndGlobalSection
	GlobalSection(ProjectConfigurationPlatforms) = postSolution
		{4793D487-2D0A-4DDF-8A37-2E7D05637500}.Debug|Any CPU.ActiveCfg = Debug|Any CPU
		{4793D487-2D0A-4DDF-8A37-2E7D05637500}.Debug|Any CPU.Build.0 = Debug|Any CPU
		{4793D487-2D0A-4DDF-8A37-2E7D05637500}.Release|Any CPU.ActiveCfg = Release|Any CPU
		{4793D487-2D0A-4DDF-8A37-2E7D05637500}.Release|Any CPU.Build.0 = Release|Any CPU
		{559672F1-B183-44B6-B1D8-E956E3DEE99C}.Debug|Any CPU.ActiveCfg = Debug|Any CPU
		{559672F1-B183-44B6-B1D8-E956E3DEE99C}.Debug|Any CPU.Build.0 = Debug|Any CPU
		{559672F1-B183-44B6-B1D8-E956E3DEE99C}.Release|Any CPU.ActiveCfg = Release|Any CPU
		{559672F1-B183-44B6-B1D8-E956E3DEE99C}.Release|Any CPU.Build.0 = Release|Any CPU
	EndGlobalSection
EndGlobal
